
Microsoft Visual Studio Solution File, Format Version 12.00
# Visual Studio Version 16
VisualStudioVersion = 16.0.29411.108
MinimumVisualStudioVersion = 10.0.40219.1
Project("{9A19103F-16F7-4668-BE54-9A1E7A4F7556}") = "BackEnd", "BackEnd\BackEnd.csproj", "{A2077F38-3751-40E3-A746-633B805B699A}"
EndProject
Project("{9A19103F-16F7-4668-BE54-9A1E7A4F7556}") = "ConferenceDTO", "ConferenceDTO\ConferenceDTO.csproj", "{9DD5E9C0-6629-417D-9BF2-3120E96AD062}"
EndProject
Project("{9A19103F-16F7-4668-BE54-9A1E7A4F7556}") = "FrontEnd", "FrontEnd\FrontEnd.csproj", "{BE811DAE-AE35-448B-B28B-7B87225F5667}"
EndProject
Project("{E53339B2-1760-4266-BCC7-CA923CBCF16C}") = "docker-compose", "docker-compose.dcproj", "{D653C8FB-059C-406A-81DD-1B8B792225EE}"
EndProject
Project("{9A19103F-16F7-4668-BE54-9A1E7A4F7556}") = "FrontEndSpa", "FrontEndSpa\FrontEndSpa.csproj", "{1255339E-C4F2-44F3-9A91-C8391394AE43}"
EndProject
Global
	GlobalSection(SolutionConfigurationPlatforms) = preSolution
		Debug|Any CPU = Debug|Any CPU
		Release|Any CPU = Release|Any CPU
	EndGlobalSection
	GlobalSection(ProjectConfigurationPlatforms) = postSolution
		{A2077F38-3751-40E3-A746-633B805B699A}.Debug|Any CPU.ActiveCfg = Debug|Any CPU
		{A2077F38-3751-40E3-A746-633B805B699A}.Debug|Any CPU.Build.0 = Debug|Any CPU
		{A2077F38-3751-40E3-A746-633B805B699A}.Release|Any CPU.ActiveCfg = Release|Any CPU
		{A2077F38-3751-40E3-A746-633B805B699A}.Release|Any CPU.Build.0 = Release|Any CPU
		{9DD5E9C0-6629-417D-9BF2-3120E96AD062}.Debug|Any CPU.ActiveCfg = Debug|Any CPU
		{9DD5E9C0-6629-417D-9BF2-3120E96AD062}.Debug|Any CPU.Build.0 = Debug|Any CPU
		{9DD5E9C0-6629-417D-9BF2-3120E96AD062}.Release|Any CPU.ActiveCfg = Release|Any CPU
		{9DD5E9C0-6629-417D-9BF2-3120E96AD062}.Release|Any CPU.Build.0 = Release|Any CPU
		{BE811DAE-AE35-448B-B28B-7B87225F5667}.Debug|Any CPU.ActiveCfg = Debug|Any CPU
		{BE811DAE-AE35-448B-B28B-7B87225F5667}.Debug|Any CPU.Build.0 = Debug|Any CPU
		{BE811DAE-AE35-448B-B28B-7B87225F5667}.Release|Any CPU.ActiveCfg = Release|Any CPU
		{BE811DAE-AE35-448B-B28B-7B87225F5667}.Release|Any CPU.Build.0 = Release|Any CPU
		{D653C8FB-059C-406A-81DD-1B8B792225EE}.Debug|Any CPU.ActiveCfg = Debug|Any CPU
		{D653C8FB-059C-406A-81DD-1B8B792225EE}.Debug|Any CPU.Build.0 = Debug|Any CPU
		{D653C8FB-059C-406A-81DD-1B8B792225EE}.Release|Any CPU.ActiveCfg = Release|Any CPU
		{D653C8FB-059C-406A-81DD-1B8B792225EE}.Release|Any CPU.Build.0 = Release|Any CPU
		{1255339E-C4F2-44F3-9A91-C8391394AE43}.Debug|Any CPU.ActiveCfg = Debug|Any CPU
		{1255339E-C4F2-44F3-9A91-C8391394AE43}.Debug|Any CPU.Build.0 = Debug|Any CPU
		{1255339E-C4F2-44F3-9A91-C8391394AE43}.Release|Any CPU.ActiveCfg = Release|Any CPU
		{1255339E-C4F2-44F3-9A91-C8391394AE43}.Release|Any CPU.Build.0 = Release|Any CPU
	EndGlobalSection
	GlobalSection(SolutionProperties) = preSolution
		HideSolutionNode = FALSE
	EndGlobalSection
	GlobalSection(ExtensibilityGlobals) = postSolution
		SolutionGuid = {F365561B-0143-4532-93DC-38026A3473C6}
	EndGlobalSection
EndGlobal
