
Microsoft Visual Studio Solution File, Format Version 12.00
# Visual Studio Version 16
VisualStudioVersion = 16.0.29411.108
MinimumVisualStudioVersion = 10.0.40219.1
Project("{FAE04EC0-301F-11D3-BF4B-00C04F79EFBC}") = "BackEnd", "BackEnd\BackEnd.csproj", "{A2077F38-3751-40E3-A746-633B805B699A}"
EndProject
Global
	GlobalSection(SolutionConfigurationPlatforms) = preSolution
		Debug|Any CPU = Debug|Any CPU
		Release|Any CPU = Release|Any CPU
	EndGlobalSection
	GlobalSection(ProjectConfigurationPlatforms) = postSolution
		{A2077F38-3751-40E3-A746-633B805B699A}.Debug|Any CPU.ActiveCfg = Debug|Any CPU
		{A2077F38-3751-40E3-A746-633B805B699A}.Debug|Any CPU.Build.0 = Debug|Any CPU
		{A2077F38-3751-40E3-A746-633B805B699A}.Release|Any CPU.ActiveCfg = Release|Any CPU
		{A2077F38-3751-40E3-A746-633B805B699A}.Release|Any CPU.Build.0 = Release|Any CPU
	EndGlobalSection
	GlobalSection(SolutionProperties) = preSolution
		HideSolutionNode = FALSE
	EndGlobalSection
	GlobalSection(ExtensibilityGlobals) = postSolution
		SolutionGuid = {F365561B-0143-4532-93DC-38026A3473C6}
	EndGlobalSection
EndGlobal
